
Microsoft Visual Studio Solution File, Format Version 12.00
# Visual Studio Version 16
VisualStudioVersion = 16.0.30011.22
MinimumVisualStudioVersion = 10.0.40219.1
Project("{FAE04EC0-301F-11D3-BF4B-00C04F79EFBC}") = "OutlookSignature", "OutlookSignature.csproj", "{57921C28-F536-4B68-B5D0-AB5FC14CF274}"
EndProject
Project("{2150E333-8FDC-42A3-9474-1A3956D46DE8}") = "Solution Items", "Solution Items", "{F851BCA1-5F65-419B-818A-3E33A0A810E2}"
	ProjectSection(SolutionItems) = preProject
		.editorconfig = .editorconfig
	EndProjectSection
EndProject
Global
	GlobalSection(SolutionConfigurationPlatforms) = preSolution
		Debug|Any CPU = Debug|Any CPU
		Release|Any CPU = Release|Any CPU
	EndGlobalSection
	GlobalSection(ProjectConfigurationPlatforms) = postSolution
		{57921C28-F536-4B68-B5D0-AB5FC14CF274}.Debug|Any CPU.ActiveCfg = Debug|Any CPU
		{57921C28-F536-4B68-B5D0-AB5FC14CF274}.Debug|Any CPU.Build.0 = Debug|Any CPU
		{57921C28-F536-4B68-B5D0-AB5FC14CF274}.Release|Any CPU.ActiveCfg = Release|Any CPU
		{57921C28-F536-4B68-B5D0-AB5FC14CF274}.Release|Any CPU.Build.0 = Release|Any CPU
	EndGlobalSection
	GlobalSection(SolutionProperties) = preSolution
		HideSolutionNode = FALSE
	EndGlobalSection
	GlobalSection(ExtensibilityGlobals) = postSolution
		SolutionGuid = {73506C11-68AA-41CD-BEF2-666885161648}
	EndGlobalSection
EndGlobal
